
Microsoft Visual Studio Solution File, Format Version 12.00
# Visual Studio Version 17
VisualStudioVersion = 17.10.35122.118
MinimumVisualStudioVersion = 10.0.40219.1
Project("{2150E333-8FDC-42A3-9474-1A3956D46DE8}") = "1 - EntryPoints", "1 - EntryPoints", "{A84CD042-2F05-41DE-B57A-6A022A9EDD0F}"
EndProject
Project("{2150E333-8FDC-42A3-9474-1A3956D46DE8}") = "2- Controller", "2- Controller", "{9CF10A82-AC27-46F5-AEED-222A509EE088}"
EndProject
Project("{2150E333-8FDC-42A3-9474-1A3956D46DE8}") = "3-Domain", "3-Domain", "{138EA0B6-D5B1-4C90-B885-214DB8A06665}"
EndProject
Project("{2150E333-8FDC-42A3-9474-1A3956D46DE8}") = "4-Infraesctruture", "4-Infraesctruture", "{814FF6E4-921B-44F0-A489-F920908C13A8}"
EndProject
Project("{2150E333-8FDC-42A3-9474-1A3956D46DE8}") = "src", "src", "{94D475F7-0803-4884-BAB0-3649655AD014}"
EndProject
Project("{2150E333-8FDC-42A3-9474-1A3956D46DE8}") = "test", "test", "{8E479833-5F44-4712-A5A9-DEADE208B1AE}"
EndProject
Project("{2150E333-8FDC-42A3-9474-1A3956D46DE8}") = "0- Docker", "0- Docker", "{E97BC7BB-CAF1-47BE-B3C2-38FC5F659CF2}"
	ProjectSection(SolutionItems) = preProject
		Dockerfile = Dockerfile
		EsteiraDocker.yml = EsteiraDocker.yml
	EndProjectSection
EndProject
Project("{2150E333-8FDC-42A3-9474-1A3956D46DE8}") = "4.1 - SqlServer", "4.1 - SqlServer", "{F51B54BA-A781-492A-B0B8-2A514709F1AB}"
EndProject
Project("{2150E333-8FDC-42A3-9474-1A3956D46DE8}") = "4.2 - RabbitMq", "4.2 - RabbitMq", "{2D200956-44D3-4DD8-8BA8-10412DED2FEA}"
EndProject
Project("{2150E333-8FDC-42A3-9474-1A3956D46DE8}") = "NewFolder1", "NewFolder1", "{7D112D48-E4B1-4713-9F16-9F2C28423148}"
EndProject
Project("{FAE04EC0-301F-11D3-BF4B-00C04F79EFBC}") = "OficinaELLP.Domain", "Dom\OficinaELLP.Domain.csproj", "{93BC04E9-E09F-4E71-A6BF-2A41B74C8C8D}"
EndProject
Project("{FAE04EC0-301F-11D3-BF4B-00C04F79EFBC}") = "WebApi", "Entrypoint\WebApi\WebApi.csproj", "{72A1A1A3-0638-4AB5-97C1-52955DC0917A}"
	ProjectSection(ProjectDependencies) = postProject
		{93BC04E9-E09F-4E71-A6BF-2A41B74C8C8D} = {93BC04E9-E09F-4E71-A6BF-2A41B74C8C8D}
	EndProjectSection
EndProject
Project("{FAE04EC0-301F-11D3-BF4B-00C04F79EFBC}") = "WebApi.ServiceDefaults", "Entrypoint\WebApi.ServiceDefaults\WebApi.ServiceDefaults.csproj", "{833F6C39-A549-48E6-BAE7-76BB36B4553B}"
EndProject
Project("{FAE04EC0-301F-11D3-BF4B-00C04F79EFBC}") = "OficinaELLP.Infra.Mysql", "infra\OficinaELLP.Infra.Mysql.csproj", "{26410097-B394-4BBF-BC85-A47366614F87}"
EndProject
Project("{FAE04EC0-301F-11D3-BF4B-00C04F79EFBC}") = "OficinaELLP.Application", "Application\OficinaELLP.Application.csproj", "{FB1EAB6A-9BF0-4C4C-ABF8-6C5F254BC085}"
EndProject
Project("{FAE04EC0-301F-11D3-BF4B-00C04F79EFBC}") = "SSE.Oficina.FunctionalTest", "Test\SSE.Oficina.FunctionalTest\SSE.Oficina.FunctionalTest.csproj", "{EDED6A79-A7B1-4805-B716-876DEAD241F8}"
EndProject
Global
	GlobalSection(SolutionConfigurationPlatforms) = preSolution
		Debug|Any CPU = Debug|Any CPU
		Release|Any CPU = Release|Any CPU
	EndGlobalSection
	GlobalSection(ProjectConfigurationPlatforms) = postSolution
		{93BC04E9-E09F-4E71-A6BF-2A41B74C8C8D}.Debug|Any CPU.ActiveCfg = Debug|Any CPU
		{93BC04E9-E09F-4E71-A6BF-2A41B74C8C8D}.Debug|Any CPU.Build.0 = Debug|Any CPU
		{93BC04E9-E09F-4E71-A6BF-2A41B74C8C8D}.Release|Any CPU.ActiveCfg = Release|Any CPU
		{93BC04E9-E09F-4E71-A6BF-2A41B74C8C8D}.Release|Any CPU.Build.0 = Release|Any CPU
		{72A1A1A3-0638-4AB5-97C1-52955DC0917A}.Debug|Any CPU.ActiveCfg = Debug|Any CPU
		{72A1A1A3-0638-4AB5-97C1-52955DC0917A}.Debug|Any CPU.Build.0 = Debug|Any CPU
		{72A1A1A3-0638-4AB5-97C1-52955DC0917A}.Release|Any CPU.ActiveCfg = Release|Any CPU
		{72A1A1A3-0638-4AB5-97C1-52955DC0917A}.Release|Any CPU.Build.0 = Release|Any CPU
		{833F6C39-A549-48E6-BAE7-76BB36B4553B}.Debug|Any CPU.ActiveCfg = Debug|Any CPU
		{833F6C39-A549-48E6-BAE7-76BB36B4553B}.Debug|Any CPU.Build.0 = Debug|Any CPU
		{833F6C39-A549-48E6-BAE7-76BB36B4553B}.Release|Any CPU.ActiveCfg = Release|Any CPU
		{833F6C39-A549-48E6-BAE7-76BB36B4553B}.Release|Any CPU.Build.0 = Release|Any CPU
		{26410097-B394-4BBF-BC85-A47366614F87}.Debug|Any CPU.ActiveCfg = Debug|Any CPU
		{26410097-B394-4BBF-BC85-A47366614F87}.Debug|Any CPU.Build.0 = Debug|Any CPU
		{26410097-B394-4BBF-BC85-A47366614F87}.Release|Any CPU.ActiveCfg = Release|Any CPU
		{26410097-B394-4BBF-BC85-A47366614F87}.Release|Any CPU.Build.0 = Release|Any CPU
		{FB1EAB6A-9BF0-4C4C-ABF8-6C5F254BC085}.Debug|Any CPU.ActiveCfg = Debug|Any CPU
		{FB1EAB6A-9BF0-4C4C-ABF8-6C5F254BC085}.Debug|Any CPU.Build.0 = Debug|Any CPU
		{FB1EAB6A-9BF0-4C4C-ABF8-6C5F254BC085}.Release|Any CPU.ActiveCfg = Release|Any CPU
		{FB1EAB6A-9BF0-4C4C-ABF8-6C5F254BC085}.Release|Any CPU.Build.0 = Release|Any CPU
		{EDED6A79-A7B1-4805-B716-876DEAD241F8}.Debug|Any CPU.ActiveCfg = Debug|Any CPU
		{EDED6A79-A7B1-4805-B716-876DEAD241F8}.Debug|Any CPU.Build.0 = Debug|Any CPU
		{EDED6A79-A7B1-4805-B716-876DEAD241F8}.Release|Any CPU.ActiveCfg = Release|Any CPU
		{EDED6A79-A7B1-4805-B716-876DEAD241F8}.Release|Any CPU.Build.0 = Release|Any CPU
	EndGlobalSection
	GlobalSection(SolutionProperties) = preSolution
		HideSolutionNode = FALSE
	EndGlobalSection
	GlobalSection(NestedProjects) = preSolution
		{A84CD042-2F05-41DE-B57A-6A022A9EDD0F} = {94D475F7-0803-4884-BAB0-3649655AD014}
		{9CF10A82-AC27-46F5-AEED-222A509EE088} = {94D475F7-0803-4884-BAB0-3649655AD014}
		{138EA0B6-D5B1-4C90-B885-214DB8A06665} = {94D475F7-0803-4884-BAB0-3649655AD014}
		{814FF6E4-921B-44F0-A489-F920908C13A8} = {94D475F7-0803-4884-BAB0-3649655AD014}
		{E97BC7BB-CAF1-47BE-B3C2-38FC5F659CF2} = {94D475F7-0803-4884-BAB0-3649655AD014}
		{F51B54BA-A781-492A-B0B8-2A514709F1AB} = {814FF6E4-921B-44F0-A489-F920908C13A8}
		{2D200956-44D3-4DD8-8BA8-10412DED2FEA} = {814FF6E4-921B-44F0-A489-F920908C13A8}
		{7D112D48-E4B1-4713-9F16-9F2C28423148} = {814FF6E4-921B-44F0-A489-F920908C13A8}
		{93BC04E9-E09F-4E71-A6BF-2A41B74C8C8D} = {138EA0B6-D5B1-4C90-B885-214DB8A06665}
		{72A1A1A3-0638-4AB5-97C1-52955DC0917A} = {A84CD042-2F05-41DE-B57A-6A022A9EDD0F}
		{833F6C39-A549-48E6-BAE7-76BB36B4553B} = {A84CD042-2F05-41DE-B57A-6A022A9EDD0F}
		{26410097-B394-4BBF-BC85-A47366614F87} = {F51B54BA-A781-492A-B0B8-2A514709F1AB}
		{FB1EAB6A-9BF0-4C4C-ABF8-6C5F254BC085} = {9CF10A82-AC27-46F5-AEED-222A509EE088}
		{EDED6A79-A7B1-4805-B716-876DEAD241F8} = {8E479833-5F44-4712-A5A9-DEADE208B1AE}
	EndGlobalSection
	GlobalSection(ExtensibilityGlobals) = postSolution
		SolutionGuid = {95DDCF02-E7F6-41AC-9E71-154FF50CA856}
	EndGlobalSection
EndGlobal
