
Microsoft Visual Studio Solution File, Format Version 12.00
# Visual Studio Version 17
VisualStudioVersion = 17.10.35122.118
MinimumVisualStudioVersion = 10.0.40219.1
Project("{2150E333-8FDC-42A3-9474-1A3956D46DE8}") = "1 - EntryPoints", "1 - EntryPoints", "{A84CD042-2F05-41DE-B57A-6A022A9EDD0F}"
EndProject
Project("{2150E333-8FDC-42A3-9474-1A3956D46DE8}") = "2-Application", "2-Application", "{9CF10A82-AC27-46F5-AEED-222A509EE088}"
EndProject
Project("{2150E333-8FDC-42A3-9474-1A3956D46DE8}") = "3-Domain", "3-Domain", "{138EA0B6-D5B1-4C90-B885-214DB8A06665}"
EndProject
Project("{2150E333-8FDC-42A3-9474-1A3956D46DE8}") = "4-Infraesctruture", "4-Infraesctruture", "{814FF6E4-921B-44F0-A489-F920908C13A8}"
EndProject
Project("{9A19103F-16F7-4668-BE54-9A1E7A4F7556}") = "SSE.Oficina.Application", "Application\SSE.Oficina.Application.csproj", "{7BED3535-08CF-470D-948B-40D194AE26C8}"
EndProject
Project("{9A19103F-16F7-4668-BE54-9A1E7A4F7556}") = "SSE.Oficina.Domain", "Domain\SSE.Oficina.Domain.csproj", "{150D2E83-AA23-49F3-B65A-EF932BF79B21}"
EndProject
Project("{2150E333-8FDC-42A3-9474-1A3956D46DE8}") = "src", "src", "{94D475F7-0803-4884-BAB0-3649655AD014}"
EndProject
Project("{2150E333-8FDC-42A3-9474-1A3956D46DE8}") = "test", "test", "{8E479833-5F44-4712-A5A9-DEADE208B1AE}"
EndProject
Project("{FAE04EC0-301F-11D3-BF4B-00C04F79EFBC}") = "SSE.Oficina.FunctionalTest", "SSE.Oficina.FunctionalTest\SSE.Oficina.FunctionalTest.csproj", "{86125678-1BEC-45AE-8DDD-B5C89E7169C2}"
EndProject
Project("{2150E333-8FDC-42A3-9474-1A3956D46DE8}") = "0- Docker", "0- Docker", "{E97BC7BB-CAF1-47BE-B3C2-38FC5F659CF2}"
	ProjectSection(SolutionItems) = preProject
		Dockerfile = Dockerfile
		EsteiraDocker.yml = EsteiraDocker.yml
	EndProjectSection
EndProject
Project("{2150E333-8FDC-42A3-9474-1A3956D46DE8}") = "4.1 - SqlServer", "4.1 - SqlServer", "{F51B54BA-A781-492A-B0B8-2A514709F1AB}"
EndProject
Project("{2150E333-8FDC-42A3-9474-1A3956D46DE8}") = "4.2 - RabbitMq", "4.2 - RabbitMq", "{2D200956-44D3-4DD8-8BA8-10412DED2FEA}"
EndProject
Project("{2150E333-8FDC-42A3-9474-1A3956D46DE8}") = "NewFolder1", "NewFolder1", "{7D112D48-E4B1-4713-9F16-9F2C28423148}"
EndProject
Project("{9A19103F-16F7-4668-BE54-9A1E7A4F7556}") = "SSE.Oficina.SqlServer", "Infraesctruture\SSE.Oficina.SqlServer\SSE.Oficina.SqlServer.csproj", "{3EF85C64-A1DE-4C6A-B546-F1B46A8D1E10}"
EndProject
Project("{9A19103F-16F7-4668-BE54-9A1E7A4F7556}") = "SSE.Oficina.Rabbit", "Infraesctruture\SSE.Oficina.Rabbit\SSE.Oficina.Rabbit.csproj", "{3AFC14DE-E555-4443-B8E0-B33D302B2E6B}"
EndProject
Project("{9A19103F-16F7-4668-BE54-9A1E7A4F7556}") = "WebApi", "Entrypoint\WebApplication1\WebApi.csproj", "{F3DDDD3A-899D-4FA9-B47F-C8DF2876302D}"
EndProject
Project("{9A19103F-16F7-4668-BE54-9A1E7A4F7556}") = "WebApi.ServiceDefaults", "Entrypoint\WebApplication1.ServiceDefaults\WebApi.ServiceDefaults.csproj", "{F0098118-A6F8-406E-903C-15727A751E88}"
EndProject
Project("{9A19103F-16F7-4668-BE54-9A1E7A4F7556}") = "WebApi.AppHost", "Entrypoint\WebApplication1.AppHost\WebApi.AppHost.csproj", "{140BDB73-1182-41AB-865B-AE03710F235A}"
EndProject
Global
	GlobalSection(SolutionConfigurationPlatforms) = preSolution
		Debug|Any CPU = Debug|Any CPU
		Release|Any CPU = Release|Any CPU
	EndGlobalSection
	GlobalSection(ProjectConfigurationPlatforms) = postSolution
		{7BED3535-08CF-470D-948B-40D194AE26C8}.Debug|Any CPU.ActiveCfg = Debug|Any CPU
		{7BED3535-08CF-470D-948B-40D194AE26C8}.Debug|Any CPU.Build.0 = Debug|Any CPU
		{7BED3535-08CF-470D-948B-40D194AE26C8}.Release|Any CPU.ActiveCfg = Release|Any CPU
		{7BED3535-08CF-470D-948B-40D194AE26C8}.Release|Any CPU.Build.0 = Release|Any CPU
		{150D2E83-AA23-49F3-B65A-EF932BF79B21}.Debug|Any CPU.ActiveCfg = Debug|Any CPU
		{150D2E83-AA23-49F3-B65A-EF932BF79B21}.Debug|Any CPU.Build.0 = Debug|Any CPU
		{150D2E83-AA23-49F3-B65A-EF932BF79B21}.Release|Any CPU.ActiveCfg = Release|Any CPU
		{150D2E83-AA23-49F3-B65A-EF932BF79B21}.Release|Any CPU.Build.0 = Release|Any CPU
		{86125678-1BEC-45AE-8DDD-B5C89E7169C2}.Debug|Any CPU.ActiveCfg = Debug|Any CPU
		{86125678-1BEC-45AE-8DDD-B5C89E7169C2}.Debug|Any CPU.Build.0 = Debug|Any CPU
		{86125678-1BEC-45AE-8DDD-B5C89E7169C2}.Release|Any CPU.ActiveCfg = Release|Any CPU
		{86125678-1BEC-45AE-8DDD-B5C89E7169C2}.Release|Any CPU.Build.0 = Release|Any CPU
		{3EF85C64-A1DE-4C6A-B546-F1B46A8D1E10}.Debug|Any CPU.ActiveCfg = Debug|Any CPU
		{3EF85C64-A1DE-4C6A-B546-F1B46A8D1E10}.Debug|Any CPU.Build.0 = Debug|Any CPU
		{3EF85C64-A1DE-4C6A-B546-F1B46A8D1E10}.Release|Any CPU.ActiveCfg = Release|Any CPU
		{3EF85C64-A1DE-4C6A-B546-F1B46A8D1E10}.Release|Any CPU.Build.0 = Release|Any CPU
		{3AFC14DE-E555-4443-B8E0-B33D302B2E6B}.Debug|Any CPU.ActiveCfg = Debug|Any CPU
		{3AFC14DE-E555-4443-B8E0-B33D302B2E6B}.Debug|Any CPU.Build.0 = Debug|Any CPU
		{3AFC14DE-E555-4443-B8E0-B33D302B2E6B}.Release|Any CPU.ActiveCfg = Release|Any CPU
		{3AFC14DE-E555-4443-B8E0-B33D302B2E6B}.Release|Any CPU.Build.0 = Release|Any CPU
		{F3DDDD3A-899D-4FA9-B47F-C8DF2876302D}.Debug|Any CPU.ActiveCfg = Debug|Any CPU
		{F3DDDD3A-899D-4FA9-B47F-C8DF2876302D}.Debug|Any CPU.Build.0 = Debug|Any CPU
		{F3DDDD3A-899D-4FA9-B47F-C8DF2876302D}.Release|Any CPU.ActiveCfg = Release|Any CPU
		{F3DDDD3A-899D-4FA9-B47F-C8DF2876302D}.Release|Any CPU.Build.0 = Release|Any CPU
		{F0098118-A6F8-406E-903C-15727A751E88}.Debug|Any CPU.ActiveCfg = Debug|Any CPU
		{F0098118-A6F8-406E-903C-15727A751E88}.Debug|Any CPU.Build.0 = Debug|Any CPU
		{F0098118-A6F8-406E-903C-15727A751E88}.Release|Any CPU.ActiveCfg = Release|Any CPU
		{F0098118-A6F8-406E-903C-15727A751E88}.Release|Any CPU.Build.0 = Release|Any CPU
		{140BDB73-1182-41AB-865B-AE03710F235A}.Debug|Any CPU.ActiveCfg = Debug|Any CPU
		{140BDB73-1182-41AB-865B-AE03710F235A}.Debug|Any CPU.Build.0 = Debug|Any CPU
		{140BDB73-1182-41AB-865B-AE03710F235A}.Release|Any CPU.ActiveCfg = Release|Any CPU
		{140BDB73-1182-41AB-865B-AE03710F235A}.Release|Any CPU.Build.0 = Release|Any CPU
	EndGlobalSection
	GlobalSection(SolutionProperties) = preSolution
		HideSolutionNode = FALSE
	EndGlobalSection
	GlobalSection(NestedProjects) = preSolution
		{A84CD042-2F05-41DE-B57A-6A022A9EDD0F} = {94D475F7-0803-4884-BAB0-3649655AD014}
		{9CF10A82-AC27-46F5-AEED-222A509EE088} = {94D475F7-0803-4884-BAB0-3649655AD014}
		{138EA0B6-D5B1-4C90-B885-214DB8A06665} = {94D475F7-0803-4884-BAB0-3649655AD014}
		{814FF6E4-921B-44F0-A489-F920908C13A8} = {94D475F7-0803-4884-BAB0-3649655AD014}
		{7BED3535-08CF-470D-948B-40D194AE26C8} = {9CF10A82-AC27-46F5-AEED-222A509EE088}
		{150D2E83-AA23-49F3-B65A-EF932BF79B21} = {138EA0B6-D5B1-4C90-B885-214DB8A06665}
		{86125678-1BEC-45AE-8DDD-B5C89E7169C2} = {8E479833-5F44-4712-A5A9-DEADE208B1AE}
		{E97BC7BB-CAF1-47BE-B3C2-38FC5F659CF2} = {94D475F7-0803-4884-BAB0-3649655AD014}
		{F51B54BA-A781-492A-B0B8-2A514709F1AB} = {814FF6E4-921B-44F0-A489-F920908C13A8}
		{2D200956-44D3-4DD8-8BA8-10412DED2FEA} = {814FF6E4-921B-44F0-A489-F920908C13A8}
		{7D112D48-E4B1-4713-9F16-9F2C28423148} = {814FF6E4-921B-44F0-A489-F920908C13A8}
		{3EF85C64-A1DE-4C6A-B546-F1B46A8D1E10} = {F51B54BA-A781-492A-B0B8-2A514709F1AB}
		{3AFC14DE-E555-4443-B8E0-B33D302B2E6B} = {2D200956-44D3-4DD8-8BA8-10412DED2FEA}
		{F3DDDD3A-899D-4FA9-B47F-C8DF2876302D} = {A84CD042-2F05-41DE-B57A-6A022A9EDD0F}
		{F0098118-A6F8-406E-903C-15727A751E88} = {A84CD042-2F05-41DE-B57A-6A022A9EDD0F}
		{140BDB73-1182-41AB-865B-AE03710F235A} = {A84CD042-2F05-41DE-B57A-6A022A9EDD0F}
	EndGlobalSection
	GlobalSection(ExtensibilityGlobals) = postSolution
		SolutionGuid = {95DDCF02-E7F6-41AC-9E71-154FF50CA856}
	EndGlobalSection
EndGlobal
